
Microsoft Visual Studio Solution File, Format Version 12.00
# Visual Studio Version 16
VisualStudioVersion = 16.0.31205.134
MinimumVisualStudioVersion = 10.0.40219.1
Project("{9A19103F-16F7-4668-BE54-9A1E7A4F7556}") = "HotelAdministration", "HotelAdministration\HotelAdministration.csproj", "{73221E6D-A720-4940-81C8-7FD65E9A8EFA}"
EndProject
Project("{FAE04EC0-301F-11D3-BF4B-00C04F79EFBC}") = "ConsoleApp1", "ConsoleApp1\ConsoleApp1.csproj", "{D848D3C0-3BDE-4796-85AC-2EC8CE0F8E8F}"
EndProject
Global
	GlobalSection(SolutionConfigurationPlatforms) = preSolution
		Debug|Any CPU = Debug|Any CPU
		Release|Any CPU = Release|Any CPU
	EndGlobalSection
	GlobalSection(ProjectConfigurationPlatforms) = postSolution
		{73221E6D-A720-4940-81C8-7FD65E9A8EFA}.Debug|Any CPU.ActiveCfg = Debug|Any CPU
		{73221E6D-A720-4940-81C8-7FD65E9A8EFA}.Debug|Any CPU.Build.0 = Debug|Any CPU
		{73221E6D-A720-4940-81C8-7FD65E9A8EFA}.Release|Any CPU.ActiveCfg = Release|Any CPU
		{73221E6D-A720-4940-81C8-7FD65E9A8EFA}.Release|Any CPU.Build.0 = Release|Any CPU
		{D848D3C0-3BDE-4796-85AC-2EC8CE0F8E8F}.Debug|Any CPU.ActiveCfg = Debug|Any CPU
		{D848D3C0-3BDE-4796-85AC-2EC8CE0F8E8F}.Debug|Any CPU.Build.0 = Debug|Any CPU
		{D848D3C0-3BDE-4796-85AC-2EC8CE0F8E8F}.Release|Any CPU.ActiveCfg = Release|Any CPU
		{D848D3C0-3BDE-4796-85AC-2EC8CE0F8E8F}.Release|Any CPU.Build.0 = Release|Any CPU
	EndGlobalSection
	GlobalSection(SolutionProperties) = preSolution
		HideSolutionNode = FALSE
	EndGlobalSection
	GlobalSection(ExtensibilityGlobals) = postSolution
		SolutionGuid = {54AEDFBF-C8A1-48A6-9805-263CD86E5DD5}
	EndGlobalSection
EndGlobal
